
Microsoft Visual Studio Solution File, Format Version 12.00
# Visual Studio Version 17
VisualStudioVersion = 17.14.36301.6 d17.14
MinimumVisualStudioVersion = 10.0.40219.1
Project("{FAE04EC0-301F-11D3-BF4B-00C04F79EFBC}") = "PEAK-Menu", "PEAK-Menu\PEAK-Menu.csproj", "{5458A181-3FD6-4709-AECD-4BC3E70E6C7C}"
EndProject
Global
	GlobalSection(SolutionConfigurationPlatforms) = preSolution
		Debug|Any CPU = Debug|Any CPU
		Release|Any CPU = Release|Any CPU
	EndGlobalSection
	GlobalSection(ProjectConfigurationPlatforms) = postSolution
		{5458A181-3FD6-4709-AECD-4BC3E70E6C7C}.Debug|Any CPU.ActiveCfg = Debug|Any CPU
		{5458A181-3FD6-4709-AECD-4BC3E70E6C7C}.Debug|Any CPU.Build.0 = Debug|Any CPU
		{5458A181-3FD6-4709-AECD-4BC3E70E6C7C}.Release|Any CPU.ActiveCfg = Release|Any CPU
		{5458A181-3FD6-4709-AECD-4BC3E70E6C7C}.Release|Any CPU.Build.0 = Release|Any CPU
	EndGlobalSection
	GlobalSection(SolutionProperties) = preSolution
		HideSolutionNode = FALSE
	EndGlobalSection
	GlobalSection(ExtensibilityGlobals) = postSolution
		SolutionGuid = {DE38BB27-F2EA-40A2-9D06-8203853CFE64}
	EndGlobalSection
EndGlobal
